
Microsoft Visual Studio Solution File, Format Version 12.00
Project("{FAE04EC0-301F-11D3-BF4B-00C04F79EFBC}") = "BotCore.API", "src\BotCore.API\BotCore.API.csproj", "{22036480-2D7A-4801-AE0D-FEA5DA1E4EED}"
EndProject
Project("{FAE04EC0-301F-11D3-BF4B-00C04F79EFBC}") = "BotCore.Core", "src\BotCore.Core\BotCore.Core.csproj", "{B2611AD5-F0A3-43D2-B853-BAED1EFABC40}"
EndProject
Project("{FAE04EC0-301F-11D3-BF4B-00C04F79EFBC}") = "BotCore.Telegram", "src\BotCore.Telegram\BotCore.Telegram.csproj", "{5626168A-DEF0-4AD8-A8EE-1C74C9285780}"
EndProject
Global
	GlobalSection(SolutionConfigurationPlatforms) = preSolution
		Debug|Any CPU = Debug|Any CPU
		Release|Any CPU = Release|Any CPU
	EndGlobalSection
	GlobalSection(ProjectConfigurationPlatforms) = postSolution
		{22036480-2D7A-4801-AE0D-FEA5DA1E4EED}.Debug|Any CPU.ActiveCfg = Debug|Any CPU
		{22036480-2D7A-4801-AE0D-FEA5DA1E4EED}.Debug|Any CPU.Build.0 = Debug|Any CPU
		{22036480-2D7A-4801-AE0D-FEA5DA1E4EED}.Release|Any CPU.ActiveCfg = Release|Any CPU
		{22036480-2D7A-4801-AE0D-FEA5DA1E4EED}.Release|Any CPU.Build.0 = Release|Any CPU
		{B2611AD5-F0A3-43D2-B853-BAED1EFABC40}.Debug|Any CPU.ActiveCfg = Debug|Any CPU
		{B2611AD5-F0A3-43D2-B853-BAED1EFABC40}.Debug|Any CPU.Build.0 = Debug|Any CPU
		{B2611AD5-F0A3-43D2-B853-BAED1EFABC40}.Release|Any CPU.ActiveCfg = Release|Any CPU
		{B2611AD5-F0A3-43D2-B853-BAED1EFABC40}.Release|Any CPU.Build.0 = Release|Any CPU
		{5626168A-DEF0-4AD8-A8EE-1C74C9285780}.Debug|Any CPU.ActiveCfg = Debug|Any CPU
		{5626168A-DEF0-4AD8-A8EE-1C74C9285780}.Debug|Any CPU.Build.0 = Debug|Any CPU
		{5626168A-DEF0-4AD8-A8EE-1C74C9285780}.Release|Any CPU.ActiveCfg = Release|Any CPU
		{5626168A-DEF0-4AD8-A8EE-1C74C9285780}.Release|Any CPU.Build.0 = Release|Any CPU
	EndGlobalSection
EndGlobal
